// !$*UTF8*$!
{
	archiveVersion = 1;
	classes = {
	};
	objectVersion = 55;
	objects = {

/* Begin PBXBuildFile section */
		17A8B56D285C0EAC00B0C658 /* AppDelegate.swift in Sources */ = {isa = PBXBuildFile; fileRef = 17A8B56C285C0EAC00B0C658 /* AppDelegate.swift */; };
		17A8B56F285C0EAC00B0C658 /* SceneDelegate.swift in Sources */ = {isa = PBXBuildFile; fileRef = 17A8B56E285C0EAC00B0C658 /* SceneDelegate.swift */; };
		17A8B571285C0EAC00B0C658 /* ViewController.swift in Sources */ = {isa = PBXBuildFile; fileRef = 17A8B570285C0EAC00B0C658 /* ViewController.swift */; };
		17A8B574285C0EAC00B0C658 /* Main.storyboard in Resources */ = {isa = PBXBuildFile; fileRef = 17A8B572285C0EAC00B0C658 /* Main.storyboard */; };
		17A8B576285C0EAD00B0C658 /* Assets.xcassets in Resources */ = {isa = PBXBuildFile; fileRef = 17A8B575285C0EAD00B0C658 /* Assets.xcassets */; };
		17A8B579285C0EAD00B0C658 /* LaunchScreen.storyboard in Resources */ = {isa = PBXBuildFile; fileRef = 17A8B577285C0EAD00B0C658 /* LaunchScreen.storyboard */; };
		17A8B584285C0EAD00B0C658 /* musicPlayerAppTests.swift in Sources */ = {isa = PBXBuildFile; fileRef = 17A8B583285C0EAD00B0C658 /* musicPlayerAppTests.swift */; };
		17A8B58E285C0EAD00B0C658 /* musicPlayerAppUITests.swift in Sources */ = {isa = PBXBuildFile; fileRef = 17A8B58D285C0EAD00B0C658 /* musicPlayerAppUITests.swift */; };
		17A8B590285C0EAD00B0C658 /* musicPlayerAppUITestsLaunchTests.swift in Sources */ = {isa = PBXBuildFile; fileRef = 17A8B58F285C0EAD00B0C658 /* musicPlayerAppUITestsLaunchTests.swift */; };
/* End PBXBuildFile section */

/* Begin PBXContainerItemProxy section */
		17A8B580285C0EAD00B0C658 /* PBXContainerItemProxy */ = {
			isa = PBXContainerItemProxy;
			containerPortal = 17A8B561285C0EAB00B0C658 /* Project object */;
			proxyType = 1;
			remoteGlobalIDString = 17A8B568285C0EAC00B0C658;
			remoteInfo = musicPlayerApp;
		};
		17A8B58A285C0EAD00B0C658 /* PBXContainerItemProxy */ = {
			isa = PBXContainerItemProxy;
			containerPortal = 17A8B561285C0EAB00B0C658 /* Project object */;
			proxyType = 1;
			remoteGlobalIDString = 17A8B568285C0EAC00B0C658;
			remoteInfo = musicPlayerApp;
		};
/* End PBXContainerItemProxy section */

/* Begin PBXFileReference section */
		17A8B569285C0EAC00B0C658 /* musicPlayerApp.app */ = {isa = PBXFileReference; explicitFileType = wrapper.application; includeInIndex = 0; path = musicPlayerApp.app; sourceTree = BUILT_PRODUCTS_DIR; };
		17A8B56C285C0EAC00B0C658 /* AppDelegate.swift */ = {isa = PBXFileReference; lastKnownFileType = sourcecode.swift; path = AppDelegate.swift; sourceTree = "<group>"; };
		17A8B56E285C0EAC00B0C658 /* SceneDelegate.swift */ = {isa = PBXFileReference; lastKnownFileType = sourcecode.swift; path = SceneDelegate.swift; sourceTree = "<group>"; };
		17A8B570285C0EAC00B0C658 /* ViewController.swift */ = {isa = PBXFileReference; lastKnownFileType = sourcecode.swift; path = ViewController.swift; sourceTree = "<group>"; };
		17A8B573285C0EAC00B0C658 /* Base */ = {isa = PBXFileReference; lastKnownFileType = file.storyboard; name = Base; path = Base.lproj/Main.storyboard; sourceTree = "<group>"; };
		17A8B575285C0EAD00B0C658 /* Assets.xcassets */ = {isa = PBXFileReference; lastKnownFileType = folder.assetcatalog; path = Assets.xcassets; sourceTree = "<group>"; };
		17A8B578285C0EAD00B0C658 /* Base */ = {isa = PBXFileReference; lastKnownFileType = file.storyboard; name = Base; path = Base.lproj/LaunchScreen.storyboard; sourceTree = "<group>"; };
		17A8B57A285C0EAD00B0C658 /* Info.plist */ = {isa = PBXFileReference; lastKnownFileType = text.plist.xml; path = Info.plist; sourceTree = "<group>"; };
		17A8B57F285C0EAD00B0C658 /* musicPlayerAppTests.xctest */ = {isa = PBXFileReference; explicitFileType = wrapper.cfbundle; includeInIndex = 0; path = musicPlayerAppTests.xctest; sourceTree = BUILT_PRODUCTS_DIR; };
		17A8B583285C0EAD00B0C658 /* musicPlayerAppTests.swift */ = {isa = PBXFileReference; lastKnownFileType = sourcecode.swift; path = musicPlayerAppTests.swift; sourceTree = "<group>"; };
		17A8B589285C0EAD00B0C658 /* musicPlayerAppUITests.xctest */ = {isa = PBXFileReference; explicitFileType = wrapper.cfbundle; includeInIndex = 0; path = musicPlayerAppUITests.xctest; sourceTree = BUILT_PRODUCTS_DIR; };
		17A8B58D285C0EAD00B0C658 /* musicPlayerAppUITests.swift */ = {isa = PBXFileReference; lastKnownFileType = sourcecode.swift; path = musicPlayerAppUITests.swift; sourceTree = "<group>"; };
		17A8B58F285C0EAD00B0C658 /* musicPlayerAppUITestsLaunchTests.swift */ = {isa = PBXFileReference; lastKnownFileType = sourcecode.swift; path = musicPlayerAppUITestsLaunchTests.swift; sourceTree = "<group>"; };
/* End PBXFileReference section */

/* Begin PBXFrameworksBuildPhase section */
		17A8B566285C0EAC00B0C658 /* Frameworks */ = {
			isa = PBXFrameworksBuildPhase;
			buildActionMask = 2147483647;
			files = (
			);
			runOnlyForDeploymentPostprocessing = 0;
		};
		17A8B57C285C0EAD00B0C658 /* Frameworks */ = {
			isa = PBXFrameworksBuildPhase;
			buildActionMask = 2147483647;
			files = (
			);
			runOnlyForDeploymentPostprocessing = 0;
		};
		17A8B586285C0EAD00B0C658 /* Frameworks */ = {
			isa = PBXFrameworksBuildPhase;
			buildActionMask = 2147483647;
			files = (
			);
			runOnlyForDeploymentPostprocessing = 0;
		};
/* End PBXFrameworksBuildPhase section */

/* Begin PBXGroup section */
		17A8B560285C0EAB00B0C658 = {
			isa = PBXGroup;
			children = (
				17A8B56B285C0EAC00B0C658 /* musicPlayerApp */,
				17A8B582285C0EAD00B0C658 /* musicPlayerAppTests */,
				17A8B58C285C0EAD00B0C658 /* musicPlayerAppUITests */,
				17A8B56A285C0EAC00B0C658 /* Products */,
			);
			sourceTree = "<group>";
		};
		17A8B56A285C0EAC00B0C658 /* Products */ = {
			isa = PBXGroup;
			children = (
				17A8B569285C0EAC00B0C658 /* musicPlayerApp.app */,
				17A8B57F285C0EAD00B0C658 /* musicPlayerAppTests.xctest */,
				17A8B589285C0EAD00B0C658 /* musicPlayerAppUITests.xctest */,
			);
			name = Products;
			sourceTree = "<group>";
		};
		17A8B56B285C0EAC00B0C658 /* musicPlayerApp */ = {
			isa = PBXGroup;
			children = (
				17A8B56C285C0EAC00B0C658 /* AppDelegate.swift */,
				17A8B56E285C0EAC00B0C658 /* SceneDelegate.swift */,
				17A8B570285C0EAC00B0C658 /* ViewController.swift */,
				17A8B572285C0EAC00B0C658 /* Main.storyboard */,
				17A8B575285C0EAD00B0C658 /* Assets.xcassets */,
				17A8B577285C0EAD00B0C658 /* LaunchScreen.storyboard */,
				17A8B57A285C0EAD00B0C658 /* Info.plist */,
			);
			path = musicPlayerApp;
			sourceTree = "<group>";
		};
		17A8B582285C0EAD00B0C658 /* musicPlayerAppTests */ = {
			isa = PBXGroup;
			children = (
				17A8B583285C0EAD00B0C658 /* musicPlayerAppTests.swift */,
			);
			path = musicPlayerAppTests;
			sourceTree = "<group>";
		};
		17A8B58C285C0EAD00B0C658 /* musicPlayerAppUITests */ = {
			isa = PBXGroup;
			children = (
				17A8B58D285C0EAD00B0C658 /* musicPlayerAppUITests.swift */,
				17A8B58F285C0EAD00B0C658 /* musicPlayerAppUITestsLaunchTests.swift */,
			);
			path = musicPlayerAppUITests;
			sourceTree = "<group>";
		};
/* End PBXGroup section */

/* Begin PBXNativeTarget section */
		17A8B568285C0EAC00B0C658 /* musicPlayerApp */ = {
			isa = PBXNativeTarget;
			buildConfigurationList = 17A8B593285C0EAD00B0C658 /* Build configuration list for PBXNativeTarget "musicPlayerApp" */;
			buildPhases = (
				17A8B565285C0EAC00B0C658 /* Sources */,
				17A8B566285C0EAC00B0C658 /* Frameworks */,
				17A8B567285C0EAC00B0C658 /* Resources */,
			);
			buildRules = (
			);
			dependencies = (
			);
			name = musicPlayerApp;
			productName = musicPlayerApp;
			productReference = 17A8B569285C0EAC00B0C658 /* musicPlayerApp.app */;
			productType = "com.apple.product-type.application";
		};
		17A8B57E285C0EAD00B0C658 /* musicPlayerAppTests */ = {
			isa = PBXNativeTarget;
			buildConfigurationList = 17A8B596285C0EAD00B0C658 /* Build configuration list for PBXNativeTarget "musicPlayerAppTests" */;
			buildPhases = (
				17A8B57B285C0EAD00B0C658 /* Sources */,
				17A8B57C285C0EAD00B0C658 /* Frameworks */,
				17A8B57D285C0EAD00B0C658 /* Resources */,
			);
			buildRules = (
			);
			dependencies = (
				17A8B581285C0EAD00B0C658 /* PBXTargetDependency */,
			);
			name = musicPlayerAppTests;
			productName = musicPlayerAppTests;
			productReference = 17A8B57F285C0EAD00B0C658 /* musicPlayerAppTests.xctest */;
			productType = "com.apple.product-type.bundle.unit-test";
		};
		17A8B588285C0EAD00B0C658 /* musicPlayerAppUITests */ = {
			isa = PBXNativeTarget;
			buildConfigurationList = 17A8B599285C0EAD00B0C658 /* Build configuration list for PBXNativeTarget "musicPlayerAppUITests" */;
			buildPhases = (
				17A8B585285C0EAD00B0C658 /* Sources */,
				17A8B586285C0EAD00B0C658 /* Frameworks */,
				17A8B587285C0EAD00B0C658 /* Resources */,
			);
			buildRules = (
			);
			dependencies = (
				17A8B58B285C0EAD00B0C658 /* PBXTargetDependency */,
			);
			name = musicPlayerAppUITests;
			productName = musicPlayerAppUITests;
			productReference = 17A8B589285C0EAD00B0C658 /* musicPlayerAppUITests.xctest */;
			productType = "com.apple.product-type.bundle.ui-testing";
		};
/* End PBXNativeTarget section */

/* Begin PBXProject section */
		17A8B561285C0EAB00B0C658 /* Project object */ = {
			isa = PBXProject;
			attributes = {
				BuildIndependentTargetsInParallel = 1;
				LastSwiftUpdateCheck = 1340;
				LastUpgradeCheck = 1340;
				TargetAttributes = {
					17A8B568285C0EAC00B0C658 = {
						CreatedOnToolsVersion = 13.4.1;
					};
					17A8B57E285C0EAD00B0C658 = {
						CreatedOnToolsVersion = 13.4.1;
						TestTargetID = 17A8B568285C0EAC00B0C658;
					};
					17A8B588285C0EAD00B0C658 = {
						CreatedOnToolsVersion = 13.4.1;
						TestTargetID = 17A8B568285C0EAC00B0C658;
					};
				};
			};
			buildConfigurationList = 17A8B564285C0EAC00B0C658 /* Build configuration list for PBXProject "musicPlayerApp" */;
			compatibilityVersion = "Xcode 13.0";
			developmentRegion = en;
			hasScannedForEncodings = 0;
			knownRegions = (
				en,
				Base,
			);
			mainGroup = 17A8B560285C0EAB00B0C658;
			productRefGroup = 17A8B56A285C0EAC00B0C658 /* Products */;
			projectDirPath = "";
			projectRoot = "";
			targets = (
				17A8B568285C0EAC00B0C658 /* musicPlayerApp */,
				17A8B57E285C0EAD00B0C658 /* musicPlayerAppTests */,
				17A8B588285C0EAD00B0C658 /* musicPlayerAppUITests */,
			);
		};
/* End PBXProject section */

/* Begin PBXResourcesBuildPhase section */
		17A8B567285C0EAC00B0C658 /* Resources */ = {
			isa = PBXResourcesBuildPhase;
			buildActionMask = 2147483647;
			files = (
				17A8B579285C0EAD00B0C658 /* LaunchScreen.storyboard in Resources */,
				17A8B576285C0EAD00B0C658 /* Assets.xcassets in Resources */,
				17A8B574285C0EAC00B0C658 /* Main.storyboard in Resources */,
			);
			runOnlyForDeploymentPostprocessing = 0;
		};
		17A8B57D285C0EAD00B0C658 /* Resources */ = {
			isa = PBXResourcesBuildPhase;
			buildActionMask = 2147483647;
			files = (
			);
			runOnlyForDeploymentPostprocessing = 0;
		};
		17A8B587285C0EAD00B0C658 /* Resources */ = {
			isa = PBXResourcesBuildPhase;
			buildActionMask = 2147483647;
			files = (
			);
			runOnlyForDeploymentPostprocessing = 0;
		};
/* End PBXResourcesBuildPhase section */

/* Begin PBXSourcesBuildPhase section */
		17A8B565285C0EAC00B0C658 /* Sources */ = {
			isa = PBXSourcesBuildPhase;
			buildActionMask = 2147483647;
			files = (
				17A8B571285C0EAC00B0C658 /* ViewController.swift in Sources */,
				17A8B56D285C0EAC00B0C658 /* AppDelegate.swift in Sources */,
				17A8B56F285C0EAC00B0C658 /* SceneDelegate.swift in Sources */,
			);
			runOnlyForDeploymentPostprocessing = 0;
		};
		17A8B57B285C0EAD00B0C658 /* Sources */ = {
			isa = PBXSourcesBuildPhase;
			buildActionMask = 2147483647;
			files = (
				17A8B584285C0EAD00B0C658 /* musicPlayerAppTests.swift in Sources */,
			);
			runOnlyForDeploymentPostprocessing = 0;
		};
		17A8B585285C0EAD00B0C658 /* Sources */ = {
			isa = PBXSourcesBuildPhase;
			buildActionMask = 2147483647;
			files = (
				17A8B58E285C0EAD00B0C658 /* musicPlayerAppUITests.swift in Sources */,
				17A8B590285C0EAD00B0C658 /* musicPlayerAppUITestsLaunchTests.swift in Sources */,
			);
			runOnlyForDeploymentPostprocessing = 0;
		};
/* End PBXSourcesBuildPhase section */

/* Begin PBXTargetDependency section */
		17A8B581285C0EAD00B0C658 /* PBXTargetDependency */ = {
			isa = PBXTargetDependency;
			target = 17A8B568285C0EAC00B0C658 /* musicPlayerApp */;
			targetProxy = 17A8B580285C0EAD00B0C658 /* PBXContainerItemProxy */;
		};
		17A8B58B285C0EAD00B0C658 /* PBXTargetDependency */ = {
			isa = PBXTargetDependency;
			target = 17A8B568285C0EAC00B0C658 /* musicPlayerApp */;
			targetProxy = 17A8B58A285C0EAD00B0C658 /* PBXContainerItemProxy */;
		};
/* End PBXTargetDependency section */

/* Begin PBXVariantGroup section */
		17A8B572285C0EAC00B0C658 /* Main.storyboard */ = {
			isa = PBXVariantGroup;
			children = (
				17A8B573285C0EAC00B0C658 /* Base */,
			);
			name = Main.storyboard;
			sourceTree = "<group>";
		};
		17A8B577285C0EAD00B0C658 /* LaunchScreen.storyboard */ = {
			isa = PBXVariantGroup;
			children = (
				17A8B578285C0EAD00B0C658 /* Base */,
			);
			name = LaunchScreen.storyboard;
			sourceTree = "<group>";
		};
/* End PBXVariantGroup section */

/* Begin XCBuildConfiguration section */
		17A8B591285C0EAD00B0C658 /* Debug */ = {
			isa = XCBuildConfiguration;
			buildSettings = {
				ALWAYS_SEARCH_USER_PATHS = NO;
				CLANG_ANALYZER_NONNULL = YES;
				CLANG_ANALYZER_NUMBER_OBJECT_CONVERSION = YES_AGGRESSIVE;
				CLANG_CXX_LANGUAGE_STANDARD = "gnu++17";
				CLANG_ENABLE_MODULES = YES;
				CLANG_ENABLE_OBJC_ARC = YES;
				CLANG_ENABLE_OBJC_WEAK = YES;
				CLANG_WARN_BLOCK_CAPTURE_AUTORELEASING = YES;
				CLANG_WARN_BOOL_CONVERSION = YES;
				CLANG_WARN_COMMA = YES;
				CLANG_WARN_CONSTANT_CONVERSION = YES;
				CLANG_WARN_DEPRECATED_OBJC_IMPLEMENTATIONS = YES;
				CLANG_WARN_DIRECT_OBJC_ISA_USAGE = YES_ERROR;
				CLANG_WARN_DOCUMENTATION_COMMENTS = YES;
				CLANG_WARN_EMPTY_BODY = YES;
				CLANG_WARN_ENUM_CONVERSION = YES;
				CLANG_WARN_INFINITE_RECURSION = YES;
				CLANG_WARN_INT_CONVERSION = YES;
				CLANG_WARN_NON_LITERAL_NULL_CONVERSION = YES;
				CLANG_WARN_OBJC_IMPLICIT_RETAIN_SELF = YES;
				CLANG_WARN_OBJC_LITERAL_CONVERSION = YES;
				CLANG_WARN_OBJC_ROOT_CLASS = YES_ERROR;
				CLANG_WARN_QUOTED_INCLUDE_IN_FRAMEWORK_HEADER = YES;
				CLANG_WARN_RANGE_LOOP_ANALYSIS = YES;
				CLANG_WARN_STRICT_PROTOTYPES = YES;
				CLANG_WARN_SUSPICIOUS_MOVE = YES;
				CLANG_WARN_UNGUARDED_AVAILABILITY = YES_AGGRESSIVE;
				CLANG_WARN_UNREACHABLE_CODE = YES;
				CLANG_WARN__DUPLICATE_METHOD_MATCH = YES;
				COPY_PHASE_STRIP = NO;
				DEBUG_INFORMATION_FORMAT = dwarf;
				ENABLE_STRICT_OBJC_MSGSEND = YES;
				ENABLE_TESTABILITY = YES;
				GCC_C_LANGUAGE_STANDARD = gnu11;
				GCC_DYNAMIC_NO_PIC = NO;
				GCC_NO_COMMON_BLOCKS = YES;
				GCC_OPTIMIZATION_LEVEL = 0;
				GCC_PREPROCESSOR_DEFINITIONS = (
					"DEBUG=1",
					"$(inherited)",
				);
				GCC_WARN_64_TO_32_BIT_CONVERSION = YES;
				GCC_WARN_ABOUT_RETURN_TYPE = YES_ERROR;
				GCC_WARN_UNDECLARED_SELECTOR = YES;
				GCC_WARN_UNINITIALIZED_AUTOS = YES_AGGRESSIVE;
				GCC_WARN_UNUSED_FUNCTION = YES;
				GCC_WARN_UNUSED_VARIABLE = YES;
				IPHONEOS_DEPLOYMENT_TARGET = 15.5;
				MTL_ENABLE_DEBUG_INFO = INCLUDE_SOURCE;
				MTL_FAST_MATH = YES;
				ONLY_ACTIVE_ARCH = YES;
				SDKROOT = iphoneos;
				SWIFT_ACTIVE_COMPILATION_CONDITIONS = DEBUG;
				SWIFT_OPTIMIZATION_LEVEL = "-Onone";
			};
			name = Debug;
		};
		17A8B592285C0EAD00B0C658 /* Release */ = {
			isa = XCBuildConfiguration;
			buildSettings = {
				ALWAYS_SEARCH_USER_PATHS = NO;
				CLANG_ANALYZER_NONNULL = YES;
				CLANG_ANALYZER_NUMBER_OBJECT_CONVERSION = YES_AGGRESSIVE;
				CLANG_CXX_LANGUAGE_STANDARD = "gnu++17";
				CLANG_ENABLE_MODULES = YES;
				CLANG_ENABLE_OBJC_ARC = YES;
				CLANG_ENABLE_OBJC_WEAK = YES;
				CLANG_WARN_BLOCK_CAPTURE_AUTORELEASING = YES;
				CLANG_WARN_BOOL_CONVERSION = YES;
				CLANG_WARN_COMMA = YES;
				CLANG_WARN_CONSTANT_CONVERSION = YES;
				CLANG_WARN_DEPRECATED_OBJC_IMPLEMENTATIONS = YES;
				CLANG_WARN_DIRECT_OBJC_ISA_USAGE = YES_ERROR;
				CLANG_WARN_DOCUMENTATION_COMMENTS = YES;
				CLANG_WARN_EMPTY_BODY = YES;
				CLANG_WARN_ENUM_CONVERSION = YES;
				CLANG_WARN_INFINITE_RECURSION = YES;
				CLANG_WARN_INT_CONVERSION = YES;
				CLANG_WARN_NON_LITERAL_NULL_CONVERSION = YES;
				CLANG_WARN_OBJC_IMPLICIT_RETAIN_SELF = YES;
				CLANG_WARN_OBJC_LITERAL_CONVERSION = YES;
				CLANG_WARN_OBJC_ROOT_CLASS = YES_ERROR;
				CLANG_WARN_QUOTED_INCLUDE_IN_FRAMEWORK_HEADER = YES;
				CLANG_WARN_RANGE_LOOP_ANALYSIS = YES;
				CLANG_WARN_STRICT_PROTOTYPES = YES;
				CLANG_WARN_SUSPICIOUS_MOVE = YES;
				CLANG_WARN_UNGUARDED_AVAILABILITY = YES_AGGRESSIVE;
				CLANG_WARN_UNREACHABLE_CODE = YES;
				CLANG_WARN__DUPLICATE_METHOD_MATCH = YES;
				COPY_PHASE_STRIP = NO;
				DEBUG_INFORMATION_FORMAT = "dwarf-with-dsym";
				ENABLE_NS_ASSERTIONS = NO;
				ENABLE_STRICT_OBJC_MSGSEND = YES;
				GCC_C_LANGUAGE_STANDARD = gnu11;
				GCC_NO_COMMON_BLOCKS = YES;
				GCC_WARN_64_TO_32_BIT_CONVERSION = YES;
				GCC_WARN_ABOUT_RETURN_TYPE = YES_ERROR;
				GCC_WARN_UNDECLARED_SELECTOR = YES;
				GCC_WARN_UNINITIALIZED_AUTOS = YES_AGGRESSIVE;
				GCC_WARN_UNUSED_FUNCTION = YES;
				GCC_WARN_UNUSED_VARIABLE = YES;
				IPHONEOS_DEPLOYMENT_TARGET = 15.5;
				MTL_ENABLE_DEBUG_INFO = NO;
				MTL_FAST_MATH = YES;
				SDKROOT = iphoneos;
				SWIFT_COMPILATION_MODE = wholemodule;
				SWIFT_OPTIMIZATION_LEVEL = "-O";
				VALIDATE_PRODUCT = YES;
			};
			name = Release;
		};
		17A8B594285C0EAD00B0C658 /* Debug */ = {
			isa = XCBuildConfiguration;
			buildSettings = {
				ASSETCATALOG_COMPILER_APPICON_NAME = AppIcon;
				ASSETCATALOG_COMPILER_GLOBAL_ACCENT_COLOR_NAME = AccentColor;
				CODE_SIGN_STYLE = Automatic;
				CURRENT_PROJECT_VERSION = 1;
				DEVELOPMENT_TEAM = B58WWRW5W2;
				GENERATE_INFOPLIST_FILE = YES;
				INFOPLIST_FILE = musicPlayerApp/Info.plist;
				INFOPLIST_KEY_UIApplicationSupportsIndirectInputEvents = YES;
				INFOPLIST_KEY_UILaunchStoryboardName = LaunchScreen;
				INFOPLIST_KEY_UIMainStoryboardFile = Main;
				INFOPLIST_KEY_UISupportedInterfaceOrientations_iPad = "UIInterfaceOrientationPortrait UIInterfaceOrientationPortraitUpsideDown UIInterfaceOrientationLandscapeLeft UIInterfaceOrientationLandscapeRight";
				INFOPLIST_KEY_UISupportedInterfaceOrientations_iPhone = "UIInterfaceOrientationPortrait UIInterfaceOrientationLandscapeLeft UIInterfaceOrientationLandscapeRight";
				LD_RUNPATH_SEARCH_PATHS = (
					"$(inherited)",
					"@executable_path/Frameworks",
				);
				MARKETING_VERSION = 1.0;
				PRODUCT_BUNDLE_IDENTIFIER = smirkiiiv.musicPlayerApp;
				PRODUCT_NAME = "$(TARGET_NAME)";
				SWIFT_EMIT_LOC_STRINGS = YES;
				SWIFT_VERSION = 5.0;
				TARGETED_DEVICE_FAMILY = "1,2";
			};
			name = Debug;
		};
		17A8B595285C0EAD00B0C658 /* Release */ = {
			isa = XCBuildConfiguration;
			buildSettings = {
				ASSETCATALOG_COMPILER_APPICON_NAME = AppIcon;
				ASSETCATALOG_COMPILER_GLOBAL_ACCENT_COLOR_NAME = AccentColor;
				CODE_SIGN_STYLE = Automatic;
				CURRENT_PROJECT_VERSION = 1;
				DEVELOPMENT_TEAM = B58WWRW5W2;
				GENERATE_INFOPLIST_FILE = YES;
				INFOPLIST_FILE = musicPlayerApp/Info.plist;
				INFOPLIST_KEY_UIApplicationSupportsIndirectInputEvents = YES;
				INFOPLIST_KEY_UILaunchStoryboardName = LaunchScreen;
				INFOPLIST_KEY_UIMainStoryboardFile = Main;
				INFOPLIST_KEY_UISupportedInterfaceOrientations_iPad = "UIInterfaceOrientationPortrait UIInterfaceOrientationPortraitUpsideDown UIInterfaceOrientationLandscapeLeft UIInterfaceOrientationLandscapeRight";
				INFOPLIST_KEY_UISupportedInterfaceOrientations_iPhone = "UIInterfaceOrientationPortrait UIInterfaceOrientationLandscapeLeft UIInterfaceOrientationLandscapeRight";
				LD_RUNPATH_SEARCH_PATHS = (
					"$(inherited)",
					"@executable_path/Frameworks",
				);
				MARKETING_VERSION = 1.0;
				PRODUCT_BUNDLE_IDENTIFIER = smirkiiiv.musicPlayerApp;
				PRODUCT_NAME = "$(TARGET_NAME)";
				SWIFT_EMIT_LOC_STRINGS = YES;
				SWIFT_VERSION = 5.0;
				TARGETED_DEVICE_FAMILY = "1,2";
			};
			name = Release;
		};
		17A8B597285C0EAD00B0C658 /* Debug */ = {
			isa = XCBuildConfiguration;
			buildSettings = {
				ALWAYS_EMBED_SWIFT_STANDARD_LIBRARIES = YES;
				BUNDLE_LOADER = "$(TEST_HOST)";
				CODE_SIGN_STYLE = Automatic;
				CURRENT_PROJECT_VERSION = 1;
				DEVELOPMENT_TEAM = B58WWRW5W2;
				GENERATE_INFOPLIST_FILE = YES;
				IPHONEOS_DEPLOYMENT_TARGET = 15.5;
				MARKETING_VERSION = 1.0;
				PRODUCT_BUNDLE_IDENTIFIER = smirkiiiv.musicPlayerAppTests;
				PRODUCT_NAME = "$(TARGET_NAME)";
				SWIFT_EMIT_LOC_STRINGS = NO;
				SWIFT_VERSION = 5.0;
				TARGETED_DEVICE_FAMILY = "1,2";
				TEST_HOST = "$(BUILT_PRODUCTS_DIR)/musicPlayerApp.app/musicPlayerApp";
			};
			name = Debug;
		};
		17A8B598285C0EAD00B0C658 /* Release */ = {
			isa = XCBuildConfiguration;
			buildSettings = {
				ALWAYS_EMBED_SWIFT_STANDARD_LIBRARIES = YES;
				BUNDLE_LOADER = "$(TEST_HOST)";
				CODE_SIGN_STYLE = Automatic;
				CURRENT_PROJECT_VERSION = 1;
				DEVELOPMENT_TEAM = B58WWRW5W2;
				GENERATE_INFOPLIST_FILE = YES;
				IPHONEOS_DEPLOYMENT_TARGET = 15.5;
				MARKETING_VERSION = 1.0;
				PRODUCT_BUNDLE_IDENTIFIER = smirkiiiv.musicPlayerAppTests;
				PRODUCT_NAME = "$(TARGET_NAME)";
				SWIFT_EMIT_LOC_STRINGS = NO;
				SWIFT_VERSION = 5.0;
				TARGETED_DEVICE_FAMILY = "1,2";
				TEST_HOST = "$(BUILT_PRODUCTS_DIR)/musicPlayerApp.app/musicPlayerApp";
			};
			name = Release;
		};
		17A8B59A285C0EAD00B0C658 /* Debug */ = {
			isa = XCBuildConfiguration;
			buildSettings = {
				ALWAYS_EMBED_SWIFT_STANDARD_LIBRARIES = YES;
				CODE_SIGN_STYLE = Automatic;
				CURRENT_PROJECT_VERSION = 1;
				DEVELOPMENT_TEAM = B58WWRW5W2;
				GENERATE_INFOPLIST_FILE = YES;
				MARKETING_VERSION = 1.0;
				PRODUCT_BUNDLE_IDENTIFIER = smirkiiiv.musicPlayerAppUITests;
				PRODUCT_NAME = "$(TARGET_NAME)";
				SWIFT_EMIT_LOC_STRINGS = NO;
				SWIFT_VERSION = 5.0;
				TARGETED_DEVICE_FAMILY = "1,2";
				TEST_TARGET_NAME = musicPlayerApp;
			};
			name = Debug;
		};
		17A8B59B285C0EAD00B0C658 /* Release */ = {
			isa = XCBuildConfiguration;
			buildSettings = {
				ALWAYS_EMBED_SWIFT_STANDARD_LIBRARIES = YES;
				CODE_SIGN_STYLE = Automatic;
				CURRENT_PROJECT_VERSION = 1;
				DEVELOPMENT_TEAM = B58WWRW5W2;
				GENERATE_INFOPLIST_FILE = YES;
				MARKETING_VERSION = 1.0;
				PRODUCT_BUNDLE_IDENTIFIER = smirkiiiv.musicPlayerAppUITests;
				PRODUCT_NAME = "$(TARGET_NAME)";
				SWIFT_EMIT_LOC_STRINGS = NO;
				SWIFT_VERSION = 5.0;
				TARGETED_DEVICE_FAMILY = "1,2";
				TEST_TARGET_NAME = musicPlayerApp;
			};
			name = Release;
		};
/* End XCBuildConfiguration section */

/* Begin XCConfigurationList section */
		17A8B564285C0EAC00B0C658 /* Build configuration list for PBXProject "musicPlayerApp" */ = {
			isa = XCConfigurationList;
			buildConfigurations = (
				17A8B591285C0EAD00B0C658 /* Debug */,
				17A8B592285C0EAD00B0C658 /* Release */,
			);
			defaultConfigurationIsVisible = 0;
			defaultConfigurationName = Release;
		};
		17A8B593285C0EAD00B0C658 /* Build configuration list for PBXNativeTarget "musicPlayerApp" */ = {
			isa = XCConfigurationList;
			buildConfigurations = (
				17A8B594285C0EAD00B0C658 /* Debug */,
				17A8B595285C0EAD00B0C658 /* Release */,
			);
			defaultConfigurationIsVisible = 0;
			defaultConfigurationName = Release;
		};
		17A8B596285C0EAD00B0C658 /* Build configuration list for PBXNativeTarget "musicPlayerAppTests" */ = {
			isa = XCConfigurationList;
			buildConfigurations = (
				17A8B597285C0EAD00B0C658 /* Debug */,
				17A8B598285C0EAD00B0C658 /* Release */,
			);
			defaultConfigurationIsVisible = 0;
			defaultConfigurationName = Release;
		};
		17A8B599285C0EAD00B0C658 /* Build configuration list for PBXNativeTarget "musicPlayerAppUITests" */ = {
			isa = XCConfigurationList;
			buildConfigurations = (
				17A8B59A285C0EAD00B0C658 /* Debug */,
				17A8B59B285C0EAD00B0C658 /* Release */,
			);
			defaultConfigurationIsVisible = 0;
			defaultConfigurationName = Release;
		};
/* End XCConfigurationList section */
	};
	rootObject = 17A8B561285C0EAB00B0C658 /* Project object */;
}
